
Microsoft Visual Studio Solution File, Format Version 12.00
# Visual Studio 15
VisualStudioVersion = 15.0.27130.2026
MinimumVisualStudioVersion = 10.0.40219.1
Project("{8BC9CEB8-8B4A-11D0-8D11-00A0C91BC942}") = "ScreenRecordingInMP4Container", "ScreenRecordingInMP4Container\ScreenRecordingInMP4Container.vcxproj", "{E64E46F5-4572-40B7-913F-AB48509160F8}"
EndProject
Global
	GlobalSection(SolutionConfigurationPlatforms) = preSolution
		Debug|x64 = Debug|x64
		Debug|x86 = Debug|x86
		Release|x64 = Release|x64
		Release|x86 = Release|x86
	EndGlobalSection
	GlobalSection(ProjectConfigurationPlatforms) = postSolution
		{E64E46F5-4572-40B7-913F-AB48509160F8}.Debug|x64.ActiveCfg = Debug|x64
		{E64E46F5-4572-40B7-913F-AB48509160F8}.Debug|x64.Build.0 = Debug|x64
		{E64E46F5-4572-40B7-913F-AB48509160F8}.Debug|x86.ActiveCfg = Debug|Win32
		{E64E46F5-4572-40B7-913F-AB48509160F8}.Debug|x86.Build.0 = Debug|Win32
		{E64E46F5-4572-40B7-913F-AB48509160F8}.Release|x64.ActiveCfg = Release|x64
		{E64E46F5-4572-40B7-913F-AB48509160F8}.Release|x64.Build.0 = Release|x64
		{E64E46F5-4572-40B7-913F-AB48509160F8}.Release|x86.ActiveCfg = Release|Win32
		{E64E46F5-4572-40B7-913F-AB48509160F8}.Release|x86.Build.0 = Release|Win32
	EndGlobalSection
	GlobalSection(SolutionProperties) = preSolution
		HideSolutionNode = FALSE
	EndGlobalSection
	GlobalSection(ExtensibilityGlobals) = postSolution
		SolutionGuid = {2E0B2232-140B-42F8-9F68-F6088ECE2F9C}
	EndGlobalSection
EndGlobal
